NeoBundleLock fern-git-status.vim 151336335d3b6975153dad77e60049ca7111da8e
NeoBundleLock fern-hijack.vim 5989a1ac6ddffd0fe49631826b6743b129992b32
NeoBundleLock fern-renderer-nerdfont.vim 1a3719f226edc27e7241da7cda4bc4d4c7db889c
NeoBundleLock fern.vim 98bc4621b23172f31e694a4cc284549280f7e1fe
NeoBundleLock glyph-palette.vim c9b21e745b4fc11c410afbf4aa9dbe938c3d09c0
NeoBundleLock indentLine 7753505f3c500ec88d11e9373d05250f49c1d900
NeoBundleLock neobundle.vim 1306c131ff0a6cc094b7ff0727350e442b5427f1
NeoBundleLock nerdfont.vim ee07f3ea815ca038542d6b6081ebb7ccd9abc389
NeoBundleLock vim-airline 2cea8346cfaf0d92da079c27708bec7c092cef84
NeoBundleLock vim-airline-themes 55bad92d246a31e3425dfaf16b7eec657eab1fad
NeoBundleLock vim-code-dark e56e5285ecaf5d0df1a383c432bccdbc0d464b2f
NeoBundleLock vim-commentary 3654775824337f466109f00eaf6759760f65be34
NeoBundleLock vim-surround bf3480dc9ae7bea34c78fbba4c65b4548b5b1fea
